
Microsoft Visual Studio Solution File, Format Version 12.00
# Visual Studio Version 17
VisualStudioVersion = 17.9.34622.214
MinimumVisualStudioVersion = 10.0.40219.1
Project("{FAE04EC0-301F-11D3-BF4B-00C04F79EFBC}") = "Uni4.1", "Uni4.1\Uni4.1.csproj", "{59700AA2-C295-4BDC-9280-968A873DB261}"
EndProject
Global
	GlobalSection(SolutionConfigurationPlatforms) = preSolution
		Debug|Any CPU = Debug|Any CPU
		Release|Any CPU = Release|Any CPU
	EndGlobalSection
	GlobalSection(ProjectConfigurationPlatforms) = postSolution
		{59700AA2-C295-4BDC-9280-968A873DB261}.Debug|Any CPU.ActiveCfg = Debug|Any CPU
		{59700AA2-C295-4BDC-9280-968A873DB261}.Debug|Any CPU.Build.0 = Debug|Any CPU
		{59700AA2-C295-4BDC-9280-968A873DB261}.Release|Any CPU.ActiveCfg = Release|Any CPU
		{59700AA2-C295-4BDC-9280-968A873DB261}.Release|Any CPU.Build.0 = Release|Any CPU
	EndGlobalSection
	GlobalSection(SolutionProperties) = preSolution
		HideSolutionNode = FALSE
	EndGlobalSection
	GlobalSection(ExtensibilityGlobals) = postSolution
		SolutionGuid = {1B51FE2A-C5C8-453C-947A-726B363F3459}
	EndGlobalSection
EndGlobal
